
Microsoft Visual Studio Solution File, Format Version 12.00
# Visual Studio Version 17
Project("{FAE04EC0-301F-11D3-BF4B-00C04F79EFBC}") = "ChainLine.Core", "src\ChainLine.Core\ChainLine.Core.csproj", "{1181C0B8-8A63-4F81-8A26-D5900A80D1A0}"
EndProject
Project("{FAE04EC0-301F-11D3-BF4B-00C04F79EFBC}") = "ChainLine.WinForms", "src\ChainLine.WinForms\ChainLine.WinForms.csproj", "{605F51B6-B888-44AB-B778-9C830A5E352D}"
EndProject
Project("{FAE04EC0-301F-11D3-BF4B-00C04F79EFBC}") = "ChainLine.Tests", "tests\ChainLine.Tests\ChainLine.Tests.csproj", "{1F72E2FA-E8AF-4DB8-A62B-A6EB76B6916B}"
EndProject
Global
	GlobalSection(SolutionConfigurationPlatforms) = preSolution
		Debug|Any CPU = Debug|Any CPU
		Release|Any CPU = Release|Any CPU
	EndGlobalSection
	GlobalSection(ProjectConfigurationPlatforms) = postSolution
		{1181C0B8-8A63-4F81-8A26-D5900A80D1A0}.Debug|Any CPU.ActiveCfg = Debug|Any CPU
		{1181C0B8-8A63-4F81-8A26-D5900A80D1A0}.Debug|Any CPU.Build.0 = Debug|Any CPU
		{1181C0B8-8A63-4F81-8A26-D5900A80D1A0}.Release|Any CPU.ActiveCfg = Release|Any CPU
		{1181C0B8-8A63-4F81-8A26-D5900A80D1A0}.Release|Any CPU.Build.0 = Release|Any CPU
		{605F51B6-B888-44AB-B778-9C830A5E352D}.Debug|Any CPU.ActiveCfg = Debug|Any CPU
		{605F51B6-B888-44AB-B778-9C830A5E352D}.Debug|Any CPU.Build.0 = Debug|Any CPU
		{605F51B6-B888-44AB-B778-9C830A5E352D}.Release|Any CPU.ActiveCfg = Release|Any CPU
		{605F51B6-B888-44AB-B778-9C830A5E352D}.Release|Any CPU.Build.0 = Release|Any CPU
		{1F72E2FA-E8AF-4DB8-A62B-A6EB76B6916B}.Debug|Any CPU.ActiveCfg = Debug|Any CPU
		{1F72E2FA-E8AF-4DB8-A62B-A6EB76B6916B}.Debug|Any CPU.Build.0 = Debug|Any CPU
		{1F72E2FA-E8AF-4DB8-A62B-A6EB76B6916B}.Release|Any CPU.ActiveCfg = Release|Any CPU
		{1F72E2FA-E8AF-4DB8-A62B-A6EB76B6916B}.Release|Any CPU.Build.0 = Release|Any CPU
	EndGlobalSection
EndGlobal
